
Microsoft Visual Studio Solution File, Format Version 12.00
# Visual Studio Version 17
VisualStudioVersion = 17.13.35913.81 d17.13
MinimumVisualStudioVersion = 10.0.40219.1
Project("{FAE04EC0-301F-11D3-BF4B-00C04F79EFBC}") = "url-shortener-api", "url-shortener-api.csproj", "{A834ABC6-CC3C-4022-A69B-544399713FA2}"
EndProject
Global
	GlobalSection(SolutionConfigurationPlatforms) = preSolution
		Debug|Any CPU = Debug|Any CPU
		Release|Any CPU = Release|Any CPU
	EndGlobalSection
	GlobalSection(ProjectConfigurationPlatforms) = postSolution
		{A834ABC6-CC3C-4022-A69B-544399713FA2}.Debug|Any CPU.ActiveCfg = Debug|Any CPU
		{A834ABC6-CC3C-4022-A69B-544399713FA2}.Debug|Any CPU.Build.0 = Debug|Any CPU
		{A834ABC6-CC3C-4022-A69B-544399713FA2}.Release|Any CPU.ActiveCfg = Release|Any CPU
		{A834ABC6-CC3C-4022-A69B-544399713FA2}.Release|Any CPU.Build.0 = Release|Any CPU
	EndGlobalSection
	GlobalSection(SolutionProperties) = preSolution
		HideSolutionNode = FALSE
	EndGlobalSection
	GlobalSection(ExtensibilityGlobals) = postSolution
		SolutionGuid = {11912A1E-1889-4B22-A10B-74D35D45F915}
	EndGlobalSection
EndGlobal
